
Microsoft Visual Studio Solution File, Format Version 12.00
# Visual Studio Version 17
VisualStudioVersion = 17.9.34616.47
MinimumVisualStudioVersion = 10.0.40219.1
Project("{FAE04EC0-301F-11D3-BF4B-00C04F79EFBC}") = "WebApplication1", "WebApplication1\WebApplication1.csproj", "{D9ADDC2A-C821-440F-A69D-0084CF40E611}"
EndProject
Project("{FAE04EC0-301F-11D3-BF4B-00C04F79EFBC}") = "UnitTests", "UnitTests\UnitTests.csproj", "{9A27AE3F-907D-42A9-9F98-4CBB69C2AD17}"
EndProject
Global
	GlobalSection(SolutionConfigurationPlatforms) = preSolution
		Debug|Any CPU = Debug|Any CPU
		Release|Any CPU = Release|Any CPU
	EndGlobalSection
	GlobalSection(ProjectConfigurationPlatforms) = postSolution
		{D9ADDC2A-C821-440F-A69D-0084CF40E611}.Debug|Any CPU.ActiveCfg = Debug|Any CPU
		{D9ADDC2A-C821-440F-A69D-0084CF40E611}.Debug|Any CPU.Build.0 = Debug|Any CPU
		{D9ADDC2A-C821-440F-A69D-0084CF40E611}.Release|Any CPU.ActiveCfg = Release|Any CPU
		{D9ADDC2A-C821-440F-A69D-0084CF40E611}.Release|Any CPU.Build.0 = Release|Any CPU
		{9A27AE3F-907D-42A9-9F98-4CBB69C2AD17}.Debug|Any CPU.ActiveCfg = Debug|Any CPU
		{9A27AE3F-907D-42A9-9F98-4CBB69C2AD17}.Debug|Any CPU.Build.0 = Debug|Any CPU
		{9A27AE3F-907D-42A9-9F98-4CBB69C2AD17}.Release|Any CPU.ActiveCfg = Release|Any CPU
		{9A27AE3F-907D-42A9-9F98-4CBB69C2AD17}.Release|Any CPU.Build.0 = Release|Any CPU
	EndGlobalSection
	GlobalSection(SolutionProperties) = preSolution
		HideSolutionNode = FALSE
	EndGlobalSection
	GlobalSection(ExtensibilityGlobals) = postSolution
		SolutionGuid = {5E6FE3F1-1778-4413-998F-8F4F1C17EDE5}
	EndGlobalSection
EndGlobal
